{
  "originHash" : "ef1191e28901a725f404cb101683bfa65c230d0a81b233c885410265178926df",
  "pins" : [
    {
      "identity" : "alamofire",
      "kind" : "remoteSourceControl",
      "location" : "https://github.com/Alamofire/Alamofire",
      "state" : {
        "revision" : "75bba56748359f297a83f620d45f72cf4ebee4e7",
        "version" : "4.8.2"
      }
    },
    {
      "identity" : "ios_sdk",
      "kind" : "remoteSourceControl",
      "location" : "https://github.com/adjust/ios_sdk",
      "state" : {
        "revision" : "e163732d55c3c0eb749f22418b6e4855839696c3",
        "version" : "4.38.4"
      }
    },
    {
      "identity" : "netmera-ios",
      "kind" : "remoteSourceControl",
      "location" : "https://github.com/Netmera/netmera-ios.git",
      "state" : {
        "revision" : "e909411d4598089b9e9b3ef138a92019650f5eac",
        "version" : "3.23.12"
      }
    },
    {
      "identity" : "swiftyjson",
      "kind" : "remoteSourceControl",
      "location" : "https://github.com/SwiftyJSON/SwiftyJSON.git",
      "state" : {
        "revision" : "af76cf3ef710b6ca5f8c05f3a31307d44a3c5828",
        "version" : "5.0.2"
      }
    },
    {
      "identity" : "xcglogger",
      "kind" : "remoteSourceControl",
      "location" : "https://github.com/DaveWoodCom/XCGLogger",
      "state" : {
        "revision" : "4def3c1c772ca90ad5e7bfc8ac437c3b0b4276cf",
        "version" : "7.1.5"
      }
    }
  ],
  "version" : 3
}
