PODS:
  - Adjust (4.13.0):
    - Adjust/Core (= 4.13.0)
  - Adjust/Core (4.13.0)
  - Alamofire (4.7.2)
  - Bolts (1.9.0):
    - Bolts/AppLinks (= 1.9.0)
    - Bolts/Tasks (= 1.9.0)
  - Bolts/AppLinks (1.9.0):
    - Bolts/Tasks
  - Bolts/Tasks (1.9.0)
  - CircleProgressBar (0.32)
  - Crashlytics (3.10.1):
    - Fabric (~> 1.7.5)
  - Fabric (1.7.6)
  - FBSDKCoreKit (4.33.0):
    - Bolts (~> 1.7)
  - FBSDKLoginKit (4.33.0):
    - FBSDKCoreKit
  - FBSDKShareKit (4.33.0):
    - FBSDKCoreKit (~> 4.33.0)
  - GoogleConversionTracking (3.4.0)
  - iCarousel (1.8.3)
  - JDStatusBarNotification (1.5.6)
  - KeychainSwift (11.0.0)
  - MBProgressHUD (1.0.0)
  - MMWormhole (2.0.0):
    - MMWormhole/Core (= 2.0.0)
  - MMWormhole/Core (2.0.0)
  - ObjcExceptionBridging (1.0.1):
    - ObjcExceptionBridging/ObjcExceptionBridging (= 1.0.1)
  - ObjcExceptionBridging/ObjcExceptionBridging (1.0.1)
  - ObjectiveDropboxOfficial (3.9.0)
  - ReachabilitySwift (4.1.0)
  - SDWebImage (4.3.3):
    - SDWebImage/Core (= 4.3.3)
  - SDWebImage/Core (4.3.3)
  - SimpleExif (0.0.1)
  - SwiftyJSON (3.1.4)
  - Typist (1.1.0)
  - UIImage-Categories (1.0.0)
  - XCGLogger (6.0.2):
    - XCGLogger/Core (= 6.0.2)
  - XCGLogger/Core (6.0.2):
    - ObjcExceptionBridging
  - XYPieChart (0.2)

DEPENDENCIES:
  - Adjust
  - Alamofire (~> 4.5)
  - CircleProgressBar (~> 0.32)
  - Crashlytics
  - Fabric
  - FBSDKCoreKit
  - FBSDKLoginKit
  - FBSDKShareKit
  - GoogleConversionTracking
  - iCarousel
  - JDStatusBarNotification
  - KeychainSwift (~> 11.0)
  - MBProgressHUD (~> 1.0.0)
  - MMWormhole (~> 2.0.0)
  - ObjectiveDropboxOfficial
  - ReachabilitySwift
  - SDWebImage
  - SimpleExif (from `https://github.com/bonyadmitr/SimpleExif.git`)
  - SwiftyJSON (~> 3)
  - Typist (~> 1.1.0)
  - UIImage-Categories
  - XCGLogger (~> 6.0)
  - XYPieChart

SPEC REPOS:
  https://github.com/CocoaPods/Specs.git:
    - Adjust
    - Alamofire
    - Bolts
    - CircleProgressBar
    - Crashlytics
    - Fabric
    - FBSDKCoreKit
    - FBSDKLoginKit
    - FBSDKShareKit
    - GoogleConversionTracking
    - iCarousel
    - JDStatusBarNotification
    - KeychainSwift
    - MBProgressHUD
    - MMWormhole
    - ObjcExceptionBridging
    - ObjectiveDropboxOfficial
    - ReachabilitySwift
    - SDWebImage
    - SwiftyJSON
    - Typist
    - UIImage-Categories
    - XCGLogger
    - XYPieChart

EXTERNAL SOURCES:
  SimpleExif:
    :git: https://github.com/bonyadmitr/SimpleExif.git

CHECKOUT OPTIONS:
  SimpleExif:
    :commit: ce65163d7bb61a3fe866b701f3464698f37208cf
    :git: https://github.com/bonyadmitr/SimpleExif.git

SPEC CHECKSUMS:
  Adjust: 8f204c1005d6635e7c931c6a2cb2f881965bf478
  Alamofire: e4fa87002c137ba2d8d634d2c51fabcda0d5c223
  Bolts: ac6567323eac61e203f6a9763667d0f711be34c8
  CircleProgressBar: 3920079be5224b62b3d9ed6eeb23ac01c835b681
  Crashlytics: aee1a064cbbf99b32efa3f056a5f458d846bc8ff
  Fabric: f8d42c893bb187326a7968b62abe55c36a987a46
  FBSDKCoreKit: 572b047a7e029bc44542bcf8a59414e7ff2b543e
  FBSDKLoginKit: 88cb456349cfb3b554427ce4f8b43729d85dfb40
  FBSDKShareKit: b7b5002833a4104fbecad75e8e4e082e91c7a08a
  GoogleConversionTracking: ca8c89abda2bd28bb6472b316eeb4ece9264e279
  iCarousel: d782f635afac190c49bb8ee455882284cff8b85f
  JDStatusBarNotification: d5829a8f2f291b23b8a54b87fac8bf2549945a2f
  KeychainSwift: bea6bd9f98af7b8d7ca4aa79fe105c00fab532db
  MBProgressHUD: 4890f671c94e8a0f3cf959aa731e9de2f036d71a
  MMWormhole: 0cd3fd35a9118b2e2d762b499f54eeaace0be791
  ObjcExceptionBridging: c30e00eb3700467e695faeea30e26e18bd445001
  ObjectiveDropboxOfficial: 64a809a85744ce58866bf98066f98be5d4c0582e
  ReachabilitySwift: 6849231cd4e06559f3b9ef4a97a0a0f96d41e09f
  SDWebImage: de4d90b5bff3571eae7bd16202b1f43135409fa5
  SimpleExif: c7537d53f8a3854af0235ea41759a58ffc8afa11
  SwiftyJSON: c2842d878f95482ffceec5709abc3d05680c0220
  Typist: 31a3eb9d6b97ea28e0e247bb8b14ed23fe624170
  UIImage-Categories: a0593f6a7991c99016b9ecadfbd38b3717ff1a73
  XCGLogger: c9601cae9a8912de34a58666ba931ed3d624dd31
  XYPieChart: 0efd8069d26c25d20ab74c01b5ad455f1fc48153

PODFILE CHECKSUM: c6f74252cfc72316fd5e10032606f810e23c9199

COCOAPODS: 1.5.0
