PODS:
  - Adjust (4.13.0):
    - Adjust/Core (= 4.13.0)
  - Adjust/Core (4.13.0)
  - Alamofire (4.7.2)
  - Bolts (1.9.0):
    - Bolts/AppLinks (= 1.9.0)
    - Bolts/Tasks (= 1.9.0)
  - Bolts/AppLinks (1.9.0):
    - Bolts/Tasks
  - Bolts/Tasks (1.9.0)
  - CircleProgressBar (0.32)
  - Crashlytics (3.10.2):
    - Fabric (~> 1.7.7)
  - Curio_iOS_SDK (1.2.4)
  - Fabric (1.7.7)
  - FBSDKCoreKit (4.33.0):
    - Bolts (~> 1.7)
  - FBSDKLoginKit (4.33.0):
    - FBSDKCoreKit
  - FBSDKShareKit (4.33.0):
    - FBSDKCoreKit (~> 4.33.0)
  - GoogleConversionTracking (3.4.0)
  - iCarousel (1.8.3)
  - KeychainSwift (11.0.0)
  - MBProgressHUD (1.0.0)
  - MMWormhole (2.0.0):
    - MMWormhole/Core (= 2.0.0)
  - MMWormhole/Core (2.0.0)
  - ObjcExceptionBridging (1.0.1):
    - ObjcExceptionBridging/ObjcExceptionBridging (= 1.0.1)
  - ObjcExceptionBridging/ObjcExceptionBridging (1.0.1)
  - ObjectiveDropboxOfficial (3.9.1)
  - ReachabilitySwift (4.1.0)
  - SDWebImage (4.4.0):
    - SDWebImage/Core (= 4.4.0)
  - SDWebImage/Core (4.4.0)
  - SimpleExif (0.0.1)
  - SQLite.swift (0.11.4):
    - SQLite.swift/standard (= 0.11.4)
  - SQLite.swift/standard (0.11.4)
  - SwiftyJSON (3.1.4)
  - Typist (1.1.0)
  - UIImage-Categories (1.0.0)
  - XCGLogger (6.0.2):
    - XCGLogger/Core (= 6.0.2)
  - XCGLogger/Core (6.0.2):
    - ObjcExceptionBridging
  - XYPieChart (0.2)

DEPENDENCIES:
  - Adjust
  - Alamofire (~> 4.5)
  - CircleProgressBar (~> 0.32)
  - Crashlytics
  - Curio_iOS_SDK (from `https://github.com/KonstDevelop/Curio_iOS_SDK.git`, branch `pod-issue`)
  - Fabric
  - FBSDKCoreKit
  - FBSDKLoginKit
  - FBSDKShareKit
  - GoogleConversionTracking
  - iCarousel
  - KeychainSwift (~> 11.0)
  - MBProgressHUD (~> 1.0.0)
  - MMWormhole (~> 2.0.0)
  - ObjectiveDropboxOfficial
  - ReachabilitySwift
  - SDWebImage
  - SimpleExif (from `https://github.com/bonyadmitr/SimpleExif.git`)
  - SQLite.swift (= 0.11.4)
  - SwiftyJSON (~> 3)
  - Typist (~> 1.1.0)
  - UIImage-Categories
  - XCGLogger (~> 6.0)
  - XYPieChart

SPEC REPOS:
  https://github.com/CocoaPods/Specs.git:
    - Adjust
    - Alamofire
    - Bolts
    - CircleProgressBar
    - Crashlytics
    - Fabric
    - FBSDKCoreKit
    - FBSDKLoginKit
    - FBSDKShareKit
    - GoogleConversionTracking
    - iCarousel
    - KeychainSwift
    - MBProgressHUD
    - MMWormhole
    - ObjcExceptionBridging
    - ObjectiveDropboxOfficial
    - ReachabilitySwift
    - SDWebImage
    - SQLite.swift
    - SwiftyJSON
    - Typist
    - UIImage-Categories
    - XCGLogger
    - XYPieChart

EXTERNAL SOURCES:
  Curio_iOS_SDK:
    :branch: pod-issue
    :git: https://github.com/KonstDevelop/Curio_iOS_SDK.git
  SimpleExif:
    :git: https://github.com/bonyadmitr/SimpleExif.git

CHECKOUT OPTIONS:
  Curio_iOS_SDK:
    :commit: 2f2d60dab8974284f02f1864e0fa75e26ae7b864
    :git: https://github.com/KonstDevelop/Curio_iOS_SDK.git
  SimpleExif:
    :commit: ce65163d7bb61a3fe866b701f3464698f37208cf
    :git: https://github.com/bonyadmitr/SimpleExif.git

SPEC CHECKSUMS:
  Adjust: 8f204c1005d6635e7c931c6a2cb2f881965bf478
  Alamofire: e4fa87002c137ba2d8d634d2c51fabcda0d5c223
  Bolts: ac6567323eac61e203f6a9763667d0f711be34c8
  CircleProgressBar: 3920079be5224b62b3d9ed6eeb23ac01c835b681
  Crashlytics: 0360624eea1c978a743feddb2fb1ef8b37fb7a0d
  Curio_iOS_SDK: 5d2231a8abab8f8c3f076c33a4eee5d3b6072c0c
  Fabric: bda89e242bce1b7b8ab264248cf3407774ce0095
  FBSDKCoreKit: 572b047a7e029bc44542bcf8a59414e7ff2b543e
  FBSDKLoginKit: 88cb456349cfb3b554427ce4f8b43729d85dfb40
  FBSDKShareKit: 1869cb24db2cea90666a50cb9d568deb38e2d16e
  GoogleConversionTracking: ca8c89abda2bd28bb6472b316eeb4ece9264e279
  iCarousel: d782f635afac190c49bb8ee455882284cff8b85f
  KeychainSwift: bea6bd9f98af7b8d7ca4aa79fe105c00fab532db
  MBProgressHUD: 4890f671c94e8a0f3cf959aa731e9de2f036d71a
  MMWormhole: 0cd3fd35a9118b2e2d762b499f54eeaace0be791
  ObjcExceptionBridging: c30e00eb3700467e695faeea30e26e18bd445001
  ObjectiveDropboxOfficial: 274ce69d66286c94416daf1da5237c55e105e8c0
  ReachabilitySwift: 6849231cd4e06559f3b9ef4a97a0a0f96d41e09f
  SDWebImage: b534502786e43dde36dfcaee89356fe6df30e203
  SimpleExif: c7537d53f8a3854af0235ea41759a58ffc8afa11
  SQLite.swift: 3e3bee21da701b5b9f87c4a672cb54f233505692
  SwiftyJSON: c2842d878f95482ffceec5709abc3d05680c0220
  Typist: 31a3eb9d6b97ea28e0e247bb8b14ed23fe624170
  UIImage-Categories: a0593f6a7991c99016b9ecadfbd38b3717ff1a73
  XCGLogger: c9601cae9a8912de34a58666ba931ed3d624dd31
  XYPieChart: 0efd8069d26c25d20ab74c01b5ad455f1fc48153

PODFILE CHECKSUM: 6158e49962025d87edac8c02405d72320ab5d1c0

COCOAPODS: 1.5.0
