PODS:
  - AGConnectAppLinking (1.7.1.300):
    - AGConnectCredential (~> 1.4)
  - AGConnectCore (1.7.1.300):
    - HMFoundation (~> 1.4)
  - AGConnectCredential (1.7.1.300):
    - AGConnectCore (~> 1.4)
  - GoogleConversionTracking (3.4.0)
  - HMFoundation (1.7.1.300)
  - iCarousel (1.8.3)
  - MaterialComponents/AnimationTiming (124.2.0)
  - MaterialComponents/Availability (124.2.0)
  - MaterialComponents/Elevation (124.2.0):
    - MaterialComponents/Availability
    - MaterialComponents/private/Color
    - MaterialComponents/private/Math
  - MaterialComponents/Ink (124.2.0):
    - MaterialComponents/Availability
    - MaterialComponents/private/Color
    - MaterialComponents/private/Math
  - MaterialComponents/Palettes (124.2.0)
  - MaterialComponents/private/Application (124.2.0)
  - MaterialComponents/private/Color (124.2.0):
    - MaterialComponents/Availability
  - MaterialComponents/private/Math (124.2.0)
  - MaterialComponents/private/ThumbTrack (124.2.0):
    - MaterialComponents/Availability
    - MaterialComponents/Ink
    - MaterialComponents/private/Math
    - MaterialComponents/Ripple
    - MaterialComponents/ShadowElevations
    - MaterialComponents/ShadowLayer
    - MaterialComponents/ShapeLibrary
    - MaterialComponents/Typography
    - MDFInternationalization
  - MaterialComponents/Ripple (124.2.0):
    - MaterialComponents/AnimationTiming
    - MaterialComponents/Availability
    - MaterialComponents/private/Color
    - MaterialComponents/private/Math
  - MaterialComponents/ShadowElevations (124.2.0)
  - MaterialComponents/ShadowLayer (124.2.0):
    - MaterialComponents/ShadowElevations
  - MaterialComponents/ShapeLibrary (124.2.0):
    - MaterialComponents/private/Math
    - MaterialComponents/Shapes
  - MaterialComponents/Shapes (124.2.0):
    - MaterialComponents/private/Color
    - MaterialComponents/private/Math
    - MaterialComponents/ShadowLayer
  - MaterialComponents/Slider (124.2.0):
    - MaterialComponents/Elevation
    - MaterialComponents/Palettes
    - MaterialComponents/private/Math
    - MaterialComponents/private/ThumbTrack
    - MaterialComponents/ShadowElevations
  - MaterialComponents/Typography (124.2.0):
    - MaterialComponents/private/Application
    - MaterialComponents/private/Math
    - MDFTextAccessibility
  - MDFInternationalization (3.0.0)
  - MDFTextAccessibility (2.0.1)
  - SDWebImage (4.4.8):
    - SDWebImage/Core (= 4.4.8)
  - SDWebImage/Core (4.4.8)
  - SNCollectionViewLayout (1.0.1)
  - SQLite.swift (0.12.0):
    - SQLite.swift/standard (= 0.12.0)
  - SQLite.swift/standard (0.12.0)
  - YYImage (1.0.4):
    - YYImage/Core (= 1.0.4)
  - YYImage/Core (1.0.4)

DEPENDENCIES:
  - AGConnectAppLinking
  - AGConnectCore
  - GoogleConversionTracking (~> 3)
  - iCarousel (~> 1)
  - MaterialComponents/Slider
  - SDWebImage (~> 4)
  - SNCollectionViewLayout
  - SQLite.swift (= 0.12.0)
  - YYImage (~> 1)

SPEC REPOS:
  https://github.com/CocoaPods/Specs.git:
    - AGConnectAppLinking
    - AGConnectCore
    - AGConnectCredential
    - GoogleConversionTracking
    - HMFoundation
    - iCarousel
    - MaterialComponents
    - MDFInternationalization
    - MDFTextAccessibility
    - SDWebImage
    - SNCollectionViewLayout
    - SQLite.swift
    - YYImage

SPEC CHECKSUMS:
  AGConnectAppLinking: e76d372cf359bbb423fb25ef346c69cbbf41ec81
  AGConnectCore: 8387ec577f8140989b2f9056c4650d7d6c8435d4
  AGConnectCredential: f83a5f6a3b640ae1e4a6fe9426d6cd81482cf93c
  GoogleConversionTracking: ca8c89abda2bd28bb6472b316eeb4ece9264e279
  HMFoundation: 9b3246fc5c0285e94ae4a65ed5b08e9c3dda3cc3
  iCarousel: d782f635afac190c49bb8ee455882284cff8b85f
  MaterialComponents: 1a9b2d9d45b1601ae544de85089adc4c464306d4
  MDFInternationalization: d697c55307816222a55685c4ccb1044ffb030c12
  MDFTextAccessibility: f4bb4cc2194286651b59a215fdeaa0e05dc90ba5
  SDWebImage: 783af2c3fa36291a250030c4752ee370a9a51d13
  SNCollectionViewLayout: 9991574aa022237c75acf0e3dc890b09aa4e4c31
  SQLite.swift: 7cad9db150a03716336e69469ec9559c85aece5b
  YYImage: 1e1b62a9997399593e4b9c4ecfbbabbf1d3f3b54

PODFILE CHECKSUM: a6b30495e8f0bb548176c769a9c60a975b36a4a9

COCOAPODS: 1.15.2
